
Microsoft Visual Studio Solution File, Format Version 12.00
# Visual Studio Version 17
VisualStudioVersion = 17.4.33110.190
MinimumVisualStudioVersion = 10.0.40219.1
Project("{FAE04EC0-301F-11D3-BF4B-00C04F79EFBC}") = "WinFormsApp3", "WinFormsApp3\WinFormsApp3.csproj", "{304EB6F4-4FC8-4B04-86F4-49DAC32DFD09}"
EndProject
Global
	GlobalSection(SolutionConfigurationPlatforms) = preSolution
		Debug|Any CPU = Debug|Any CPU
		Release|Any CPU = Release|Any CPU
	EndGlobalSection
	GlobalSection(ProjectConfigurationPlatforms) = postSolution
		{304EB6F4-4FC8-4B04-86F4-49DAC32DFD09}.Debug|Any CPU.ActiveCfg = Debug|Any CPU
		{304EB6F4-4FC8-4B04-86F4-49DAC32DFD09}.Debug|Any CPU.Build.0 = Debug|Any CPU
		{304EB6F4-4FC8-4B04-86F4-49DAC32DFD09}.Release|Any CPU.ActiveCfg = Release|Any CPU
		{304EB6F4-4FC8-4B04-86F4-49DAC32DFD09}.Release|Any CPU.Build.0 = Release|Any CPU
	EndGlobalSection
	GlobalSection(SolutionProperties) = preSolution
		HideSolutionNode = FALSE
	EndGlobalSection
	GlobalSection(ExtensibilityGlobals) = postSolution
		SolutionGuid = {5C65A354-CA5F-4203-80E6-A9847122A484}
	EndGlobalSection
EndGlobal
