
Microsoft Visual Studio Solution File, Format Version 12.00
# Visual Studio Version 17
VisualStudioVersion = 17.4.33110.190
MinimumVisualStudioVersion = 10.0.40219.1
Project("{FAE04EC0-301F-11D3-BF4B-00C04F79EFBC}") = "WinFormsApp2", "WinFormsApp2\WinFormsApp2.csproj", "{2ED8E0B0-C4E2-4DED-9DBA-6C3567D37350}"
EndProject
Global
	GlobalSection(SolutionConfigurationPlatforms) = preSolution
		Debug|Any CPU = Debug|Any CPU
		Release|Any CPU = Release|Any CPU
	EndGlobalSection
	GlobalSection(ProjectConfigurationPlatforms) = postSolution
		{2ED8E0B0-C4E2-4DED-9DBA-6C3567D37350}.Debug|Any CPU.ActiveCfg = Debug|Any CPU
		{2ED8E0B0-C4E2-4DED-9DBA-6C3567D37350}.Debug|Any CPU.Build.0 = Debug|Any CPU
		{2ED8E0B0-C4E2-4DED-9DBA-6C3567D37350}.Release|Any CPU.ActiveCfg = Release|Any CPU
		{2ED8E0B0-C4E2-4DED-9DBA-6C3567D37350}.Release|Any CPU.Build.0 = Release|Any CPU
	EndGlobalSection
	GlobalSection(SolutionProperties) = preSolution
		HideSolutionNode = FALSE
	EndGlobalSection
	GlobalSection(ExtensibilityGlobals) = postSolution
		SolutionGuid = {A474BEE2-EA8F-4C65-B7A2-5AB9243D9A08}
	EndGlobalSection
EndGlobal
